
Microsoft Visual Studio Solution File, Format Version 12.00
# Visual Studio Version 17
VisualStudioVersion = 17.9.34701.34
MinimumVisualStudioVersion = 10.0.40219.1
Project("{FAE04EC0-301F-11D3-BF4B-00C04F79EFBC}") = "ConsoleAppIra1", "ConsoleAppIra1.csproj", "{D4A22BCE-4D00-4349-A0F6-9F29B829CE96}"
EndProject
Global
	GlobalSection(SolutionConfigurationPlatforms) = preSolution
		Debug|Any CPU = Debug|Any CPU
		Release|Any CPU = Release|Any CPU
	EndGlobalSection
	GlobalSection(ProjectConfigurationPlatforms) = postSolution
		{D4A22BCE-4D00-4349-A0F6-9F29B829CE96}.Debug|Any CPU.ActiveCfg = Debug|Any CPU
		{D4A22BCE-4D00-4349-A0F6-9F29B829CE96}.Debug|Any CPU.Build.0 = Debug|Any CPU
		{D4A22BCE-4D00-4349-A0F6-9F29B829CE96}.Release|Any CPU.ActiveCfg = Release|Any CPU
		{D4A22BCE-4D00-4349-A0F6-9F29B829CE96}.Release|Any CPU.Build.0 = Release|Any CPU
	EndGlobalSection
	GlobalSection(SolutionProperties) = preSolution
		HideSolutionNode = FALSE
	EndGlobalSection
	GlobalSection(ExtensibilityGlobals) = postSolution
		SolutionGuid = {AB5C1D5D-99B3-4802-93CD-3CE7A6001E56}
	EndGlobalSection
EndGlobal
